<?xml version="1.0" encoding="utf-8"?>
<Project ToolsVersion="4.0" xmlns="http://schemas.microsoft.com/developer/msbuild/2003">
  <ItemGroup>
    <ClCompile Include="main.cpp" />
    <ClCompile Include="VulkanRenderer.cpp" />
    <ClCompile Include="VulkanVertexShader.hpp">
      <Filter>Headers</Filter>
    </ClCompile>
    <ClCompile Include="VulkanVertexShader.cpp" />
    <ClCompile Include="VulkanFragmentShader.cpp" />
    <ClCompile Include="VulkanGraphicsPipeline.cpp" />
    <ClCompile Include="VulkanSwapChain.cpp" />
    <ClCompile Include="VulkanCommandPool.cpp" />
    <ClCompile Include="VulkanCommandBuffer.cpp" />
    <ClCompile Include="VulkanDescriptorLayout.cpp" />
    <ClCompile Include="VulkanDescriptorSetBuilder.cpp" />
  </ItemGroup>
  <ItemGroup>
    <ClInclude Include="3DArray.h">
      <Filter>Headers</Filter>
    </ClInclude>
    <ClInclude Include="GreedyMesh.h">
      <Filter>Headers</Filter>
    </ClInclude>
    <ClInclude Include="Node.h">
      <Filter>Headers</Filter>
    </ClInclude>
    <ClInclude Include="Queue.h">
      <Filter>Headers</Filter>
    </ClInclude>
    <ClInclude Include="VulkanRenderer.hpp">
      <Filter>Headers</Filter>
    </ClInclude>
    <ClInclude Include="VulkanRendererTypes.hpp">
      <Filter>Headers</Filter>
    </ClInclude>
    <ClInclude Include="VulkanIncludes.hpp">
      <Filter>Headers</Filter>
    </ClInclude>
    <ClInclude Include="VulkanShader.hpp">
      <Filter>Headers</Filter>
    </ClInclude>
    <ClInclude Include="VulkanFragmentShader.hpp">
      <Filter>Headers</Filter>
    </ClInclude>
    <ClInclude Include="VulkanSwapChain.hpp">
      <Filter>Headers</Filter>
    </ClInclude>
    <ClInclude Include="VulkanImageUtilities.hpp">
      <Filter>Headers</Filter>
    </ClInclude>
    <ClInclude Include="VulkanGraphicsPipeline.hpp">
      <Filter>Headers</Filter>
    </ClInclude>
    <ClInclude Include="VulkanCommandPool.hpp">
      <Filter>Headers</Filter>
    </ClInclude>
    <ClInclude Include="VulkanCommandBuffer.hpp">
      <Filter>Headers</Filter>
    </ClInclude>
    <ClInclude Include="VulkanDescriptorLayout.hpp">
      <Filter>Headers</Filter>
    </ClInclude>
    <ClInclude Include="VulkanDescriptorSetBuilder.hpp" />
    <ClInclude Include="VulkanRendererMemeoryUtils.hpp" />
    <ClInclude Include="VulkanFrameObject.hpp">
      <Filter>Framebuffer</Filter>
    </ClInclude>
  </ItemGroup>
  <ItemGroup>
    <Filter Include="Headers">
      <UniqueIdentifier>{add4a122-d38a-4831-b0f1-6b9c8d36531d}</UniqueIdentifier>
    </Filter>
    <Filter Include="Framebuffer">
      <UniqueIdentifier>{bf19035e-7d0a-4ba7-b57a-4bba73d76e05}</UniqueIdentifier>
    </Filter>
  </ItemGroup>
</Project>